// !$*UTF8*$!
{
	archiveVersion = 1;
	classes = {
	};
	objectVersion = 46;
	objects = {

/* Begin PBXBuildFile section */
		47AD62CC1C977105004D1323 /* AppDelegate.swift in Sources */ = {isa = PBXBuildFile; fileRef = 47AD62CB1C977105004D1323 /* AppDelegate.swift */; };
		47AD62CE1C977105004D1323 /* ViewController.swift in Sources */ = {isa = PBXBuildFile; fileRef = 47AD62CD1C977105004D1323 /* ViewController.swift */; };
		47AD62D11C977105004D1323 /* Main.storyboard in Resources */ = {isa = PBXBuildFile; fileRef = 47AD62CF1C977105004D1323 /* Main.storyboard */; };
		47AD62D31C977105004D1323 /* Assets.xcassets in Resources */ = {isa = PBXBuildFile; fileRef = 47AD62D21C977105004D1323 /* Assets.xcassets */; };
		47AD62D61C977105004D1323 /* LaunchScreen.storyboard in Resources */ = {isa = PBXBuildFile; fileRef = 47AD62D41C977105004D1323 /* LaunchScreen.storyboard */; };
/* End PBXBuildFile section */

/* Begin PBXFileReference section */
		47AD62C81C977105004D1323 /* JMNSOperation.app */ = {isa = PBXFileReference; explicitFileType = wrapper.application; includeInIndex = 0; path = JMNSOperation.app; sourceTree = BUILT_PRODUCTS_DIR; };
		47AD62CB1C977105004D1323 /* AppDelegate.swift */ = {isa = PBXFileReference; lastKnownFileType = sourcecode.swift; path = AppDelegate.swift; sourceTree = "<group>"; };
		47AD62CD1C977105004D1323 /* ViewController.swift */ = {isa = PBXFileReference; lastKnownFileType = sourcecode.swift; path = ViewController.swift; sourceTree = "<group>"; };
		47AD62D01C977105004D1323 /* Base */ = {isa = PBXFileReference; lastKnownFileType = file.storyboard; name = Base; path = Base.lproj/Main.storyboard; sourceTree = "<group>"; };
		47AD62D21C977105004D1323 /* Assets.xcassets */ = {isa = PBXFileReference; lastKnownFileType = folder.assetcatalog; path = Assets.xcassets; sourceTree = "<group>"; };
		47AD62D51C977105004D1323 /* Base */ = {isa = PBXFileReference; lastKnownFileType = file.storyboard; name = Base; path = Base.lproj/LaunchScreen.storyboard; sourceTree = "<group>"; };
		47AD62D71C977105004D1323 /* Info.plist */ = {isa = PBXFileReference; lastKnownFileType = text.plist.xml; path = Info.plist; sourceTree = "<group>"; };
/* End PBXFileReference section */

/* Begin PBXFrameworksBuildPhase section */
		47AD62C51C977105004D1323 /* Frameworks */ = {
			isa = PBXFrameworksBuildPhase;
			buildActionMask = 2147483647;
			files = (
			);
			runOnlyForDeploymentPostprocessing = 0;
		};
/* End PBXFrameworksBuildPhase section */

/* Begin PBXGroup section */
		47AD62BF1C977105004D1323 = {
			isa = PBXGroup;
			children = (
				47AD62CA1C977105004D1323 /* JMNSOperation */,
				47AD62C91C977105004D1323 /* Products */,
			);
			sourceTree = "<group>";
		};
		47AD62C91C977105004D1323 /* Products */ = {
			isa = PBXGroup;
			children = (
				47AD62C81C977105004D1323 /* JMNSOperation.app */,
			);
			name = Products;
			sourceTree = "<group>";
		};
		47AD62CA1C977105004D1323 /* JMNSOperation */ = {
			isa = PBXGroup;
			children = (
				47AD62CB1C977105004D1323 /* AppDelegate.swift */,
				47AD62CD1C977105004D1323 /* ViewController.swift */,
				47AD62CF1C977105004D1323 /* Main.storyboard */,
				47AD62D21C977105004D1323 /* Assets.xcassets */,
				47AD62D41C977105004D1323 /* LaunchScreen.storyboard */,
				47AD62D71C977105004D1323 /* Info.plist */,
			);
			path = JMNSOperation;
			sourceTree = "<group>";
		};
/* End PBXGroup section */

/* Begin PBXNativeTarget section */
		47AD62C71C977105004D1323 /* JMNSOperation */ = {
			isa = PBXNativeTarget;
			buildConfigurationList = 47AD62DA1C977105004D1323 /* Build configuration list for PBXNativeTarget "JMNSOperation" */;
			buildPhases = (
				47AD62C41C977105004D1323 /* Sources */,
				47AD62C51C977105004D1323 /* Frameworks */,
				47AD62C61C977105004D1323 /* Resources */,
			);
			buildRules = (
			);
			dependencies = (
			);
			name = JMNSOperation;
			productName = JMNSOperation;
			productReference = 47AD62C81C977105004D1323 /* JMNSOperation.app */;
			productType = "com.apple.product-type.application";
		};
/* End PBXNativeTarget section */

/* Begin PBXProject section */
		47AD62C01C977105004D1323 /* Project object */ = {
			isa = PBXProject;
			attributes = {
				LastSwiftUpdateCheck = 0730;
				LastUpgradeCheck = 0730;
				ORGANIZATIONNAME = "Jose Marchena Torres";
				TargetAttributes = {
					47AD62C71C977105004D1323 = {
						CreatedOnToolsVersion = 7.3;
					};
				};
			};
			buildConfigurationList = 47AD62C31C977105004D1323 /* Build configuration list for PBXProject "JMNSOperation" */;
			compatibilityVersion = "Xcode 3.2";
			developmentRegion = English;
			hasScannedForEncodings = 0;
			knownRegions = (
				en,
				Base,
			);
			mainGroup = 47AD62BF1C977105004D1323;
			productRefGroup = 47AD62C91C977105004D1323 /* Products */;
			projectDirPath = "";
			projectRoot = "";
			targets = (
				47AD62C71C977105004D1323 /* JMNSOperation */,
			);
		};
/* End PBXProject section */

/* Begin PBXResourcesBuildPhase section */
		47AD62C61C977105004D1323 /* Resources */ = {
			isa = PBXResourcesBuildPhase;
			buildActionMask = 2147483647;
			files = (
				47AD62D61C977105004D1323 /* LaunchScreen.storyboard in Resources */,
				47AD62D31C977105004D1323 /* Assets.xcassets in Resources */,
				47AD62D11C977105004D1323 /* Main.storyboard in Resources */,
			);
			runOnlyForDeploymentPostprocessing = 0;
		};
/* End PBXResourcesBuildPhase section */

/* Begin PBXSourcesBuildPhase section */
		47AD62C41C977105004D1323 /* Sources */ = {
			isa = PBXSourcesBuildPhase;
			buildActionMask = 2147483647;
			files = (
				47AD62CE1C977105004D1323 /* ViewController.swift in Sources */,
				47AD62CC1C977105004D1323 /* AppDelegate.swift in Sources */,
			);
			runOnlyForDeploymentPostprocessing = 0;
		};
/* End PBXSourcesBuildPhase section */

/* Begin PBXVariantGroup section */
		47AD62CF1C977105004D1323 /* Main.storyboard */ = {
			isa = PBXVariantGroup;
			children = (
				47AD62D01C977105004D1323 /* Base */,
			);
			name = Main.storyboard;
			sourceTree = "<group>";
		};
		47AD62D41C977105004D1323 /* LaunchScreen.storyboard */ = {
			isa = PBXVariantGroup;
			children = (
				47AD62D51C977105004D1323 /* Base */,
			);
			name = LaunchScreen.storyboard;
			sourceTree = "<group>";
		};
/* End PBXVariantGroup section */

/* Begin XCBuildConfiguration section */
		47AD62D81C977105004D1323 /* Debug */ = {
			isa = XCBuildConfiguration;
			buildSettings = {
				ALWAYS_SEARCH_USER_PATHS = NO;
				CLANG_ANALYZER_NONNULL = YES;
				CLANG_CXX_LANGUAGE_STANDARD = "gnu++0x";
				CLANG_CXX_LIBRARY = "libc++";
				CLANG_ENABLE_MODULES = YES;
				CLANG_ENABLE_OBJC_ARC = YES;
				CLANG_WARN_BOOL_CONVERSION = YES;
				CLANG_WARN_CONSTANT_CONVERSION = YES;
				CLANG_WARN_DIRECT_OBJC_ISA_USAGE = YES_ERROR;
				CLANG_WARN_EMPTY_BODY = YES;
				CLANG_WARN_ENUM_CONVERSION = YES;
				CLANG_WARN_INT_CONVERSION = YES;
				CLANG_WARN_OBJC_ROOT_CLASS = YES_ERROR;
				CLANG_WARN_UNREACHABLE_CODE = YES;
				CLANG_WARN__DUPLICATE_METHOD_MATCH = YES;
				"CODE_SIGN_IDENTITY[sdk=iphoneos*]" = "iPhone Developer";
				COPY_PHASE_STRIP = NO;
				DEBUG_INFORMATION_FORMAT = dwarf;
				ENABLE_STRICT_OBJC_MSGSEND = YES;
				ENABLE_TESTABILITY = YES;
				GCC_C_LANGUAGE_STANDARD = gnu99;
				GCC_DYNAMIC_NO_PIC = NO;
				GCC_NO_COMMON_BLOCKS = YES;
				GCC_OPTIMIZATION_LEVEL = 0;
				GCC_PREPROCESSOR_DEFINITIONS = (
					"DEBUG=1",
					"$(inherited)",
				);
				GCC_WARN_64_TO_32_BIT_CONVERSION = YES;
				GCC_WARN_ABOUT_RETURN_TYPE = YES_ERROR;
				GCC_WARN_UNDECLARED_SELECTOR = YES;
				GCC_WARN_UNINITIALIZED_AUTOS = YES_AGGRESSIVE;
				GCC_WARN_UNUSED_FUNCTION = YES;
				GCC_WARN_UNUSED_VARIABLE = YES;
				IPHONEOS_DEPLOYMENT_TARGET = 9.3;
				MTL_ENABLE_DEBUG_INFO = YES;
				ONLY_ACTIVE_ARCH = YES;
				SDKROOT = iphoneos;
				SWIFT_OPTIMIZATION_LEVEL = "-Onone";
				TARGETED_DEVICE_FAMILY = "1,2";
			};
			name = Debug;
		};
		47AD62D91C977105004D1323 /* Release */ = {
			isa = XCBuildConfiguration;
			buildSettings = {
				ALWAYS_SEARCH_USER_PATHS = NO;
				CLANG_ANALYZER_NONNULL = YES;
				CLANG_CXX_LANGUAGE_STANDARD = "gnu++0x";
				CLANG_CXX_LIBRARY = "libc++";
				CLANG_ENABLE_MODULES = YES;
				CLANG_ENABLE_OBJC_ARC = YES;
				CLANG_WARN_BOOL_CONVERSION = YES;
				CLANG_WARN_CONSTANT_CONVERSION = YES;
				CLANG_WARN_DIRECT_OBJC_ISA_USAGE = YES_ERROR;
				CLANG_WARN_EMPTY_BODY = YES;
				CLANG_WARN_ENUM_CONVERSION = YES;
				CLANG_WARN_INT_CONVERSION = YES;
				CLANG_WARN_OBJC_ROOT_CLASS = YES_ERROR;
				CLANG_WARN_UNREACHABLE_CODE = YES;
				CLANG_WARN__DUPLICATE_METHOD_MATCH = YES;
				"CODE_SIGN_IDENTITY[sdk=iphoneos*]" = "iPhone Developer";
				COPY_PHASE_STRIP = NO;
				DEBUG_INFORMATION_FORMAT = "dwarf-with-dsym";
				ENABLE_NS_ASSERTIONS = NO;
				ENABLE_STRICT_OBJC_MSGSEND = YES;
				GCC_C_LANGUAGE_STANDARD = gnu99;
				GCC_NO_COMMON_BLOCKS = YES;
				GCC_WARN_64_TO_32_BIT_CONVERSION = YES;
				GCC_WARN_ABOUT_RETURN_TYPE = YES_ERROR;
				GCC_WARN_UNDECLARED_SELECTOR = YES;
				GCC_WARN_UNINITIALIZED_AUTOS = YES_AGGRESSIVE;
				GCC_WARN_UNUSED_FUNCTION = YES;
				GCC_WARN_UNUSED_VARIABLE = YES;
				IPHONEOS_DEPLOYMENT_TARGET = 9.3;
				MTL_ENABLE_DEBUG_INFO = NO;
				SDKROOT = iphoneos;
				TARGETED_DEVICE_FAMILY = "1,2";
				VALIDATE_PRODUCT = YES;
			};
			name = Release;
		};
		47AD62DB1C977105004D1323 /* Debug */ = {
			isa = XCBuildConfiguration;
			buildSettings = {
				ASSETCATALOG_COMPILER_APPICON_NAME = AppIcon;
				INFOPLIST_FILE = JMNSOperation/Info.plist;
				LD_RUNPATH_SEARCH_PATHS = "$(inherited) @executable_path/Frameworks";
				PRODUCT_BUNDLE_IDENTIFIER = com.jmt.JMNSOperation;
				PRODUCT_NAME = "$(TARGET_NAME)";
			};
			name = Debug;
		};
		47AD62DC1C977105004D1323 /* Release */ = {
			isa = XCBuildConfiguration;
			buildSettings = {
				ASSETCATALOG_COMPILER_APPICON_NAME = AppIcon;
				INFOPLIST_FILE = JMNSOperation/Info.plist;
				LD_RUNPATH_SEARCH_PATHS = "$(inherited) @executable_path/Frameworks";
				PRODUCT_BUNDLE_IDENTIFIER = com.jmt.JMNSOperation;
				PRODUCT_NAME = "$(TARGET_NAME)";
			};
			name = Release;
		};
/* End XCBuildConfiguration section */

/* Begin XCConfigurationList section */
		47AD62C31C977105004D1323 /* Build configuration list for PBXProject "JMNSOperation" */ = {
			isa = XCConfigurationList;
			buildConfigurations = (
				47AD62D81C977105004D1323 /* Debug */,
				47AD62D91C977105004D1323 /* Release */,
			);
			defaultConfigurationIsVisible = 0;
			defaultConfigurationName = Release;
		};
		47AD62DA1C977105004D1323 /* Build configuration list for PBXNativeTarget "JMNSOperation" */ = {
			isa = XCConfigurationList;
			buildConfigurations = (
				47AD62DB1C977105004D1323 /* Debug */,
				47AD62DC1C977105004D1323 /* Release */,
			);
			defaultConfigurationIsVisible = 0;
		};
/* End XCConfigurationList section */
	};
	rootObject = 47AD62C01C977105004D1323 /* Project object */;
}
